{
  "name": "student-checkin-tooling",
  "version": "0.1.0",
  "lockfileVersion": 3,
  "requires": true,
  "packages": {
    "": {
      "name": "student-checkin-tooling",
      "version": "0.1.0",
      "devDependencies": {
        "supabase": "2.101.0"
      }
    },
    "node_modules/supabase": {
      "version": "2.101.0",
      "resolved": "https://registry.npmmirror.com/supabase/-/supabase-2.101.0.tgz",
      "integrity": "sha512-9wqlvXGeI+VjOMUKOGEpcZzTJGLia6IOv8LWN3W2u8F6Xiv4ZqAuTuXCp3MWfkhV5x9KQaBtN5d6IiLEMWzkJA==",
      "dev": true,
      "license": "MIT",
      "bin": {
        "supabase": "dist/supabase.js"
      },
      "optionalDependencies": {
        "@supabase/cli-darwin-arm64": "2.101.0",
        "@supabase/cli-darwin-x64": "2.101.0",
        "@supabase/cli-linux-arm64": "2.101.0",
        "@supabase/cli-linux-arm64-musl": "2.101.0",
        "@supabase/cli-linux-x64": "2.101.0",
        "@supabase/cli-linux-x64-musl": "2.101.0",
        "@supabase/cli-windows-arm64": "2.101.0",
        "@supabase/cli-windows-x64": "2.101.0"
      }
    }
  }
}
